github.com/OhYee/godot v0.0.0-20191004043452-9915dee01024 h1:aAm/rek1Pl+7zeu79BHGIAS83BI80e96CuNDaRtLX54=
github.com/OhYee/godot v0.0.0-20191004043452-9915dee01024/go.mod h1:cMA774NGmTbhLHdmozw2Ejeyyu+S5mDKC97CPgBhNGM=
github.com/skratchdot/open-golang v0.0.0-20200116055534-eef842397966 h1:JIAuq3EEf9cgbU6AtGPK4CTG3Zf6CKMNqf0MHTggAUA=
github.com/skratchdot/open-golang v0.0.0-20200116055534-eef842397966/go.mod h1:sUM3LWHvSMaG192sy56D9F7CNvL7jUJVXoqM1QKLnog=
